
Microsoft Visual Studio Solution File, Format Version 12.00
# Visual Studio Version 17
VisualStudioVersion = 17.7.34003.232
MinimumVisualStudioVersion = 10.0.40219.1
Project("{9A19103F-16F7-4668-BE54-9A1E7A4F7556}") = "01. Shapes", "01. Shapes\01. Shapes.csproj", "{A8F57C8C-D5B2-4438-9C9D-21A354C878F5}"
EndProject
Project("{FAE04EC0-301F-11D3-BF4B-00C04F79EFBC}") = "02. Cars", "02. Cars\02. Cars.csproj", "{B10297B8-33C4-4138-A12D-D75332218F84}"
EndProject
Global
	GlobalSection(SolutionConfigurationPlatforms) = preSolution
		Debug|Any CPU = Debug|Any CPU
		Release|Any CPU = Release|Any CPU
	EndGlobalSection
	GlobalSection(ProjectConfigurationPlatforms) = postSolution
		{A8F57C8C-D5B2-4438-9C9D-21A354C878F5}.Debug|Any CPU.ActiveCfg = Debug|Any CPU
		{A8F57C8C-D5B2-4438-9C9D-21A354C878F5}.Debug|Any CPU.Build.0 = Debug|Any CPU
		{A8F57C8C-D5B2-4438-9C9D-21A354C878F5}.Release|Any CPU.ActiveCfg = Release|Any CPU
		{A8F57C8C-D5B2-4438-9C9D-21A354C878F5}.Release|Any CPU.Build.0 = Release|Any CPU
		{B10297B8-33C4-4138-A12D-D75332218F84}.Debug|Any CPU.ActiveCfg = Debug|Any CPU
		{B10297B8-33C4-4138-A12D-D75332218F84}.Debug|Any CPU.Build.0 = Debug|Any CPU
		{B10297B8-33C4-4138-A12D-D75332218F84}.Release|Any CPU.ActiveCfg = Release|Any CPU
		{B10297B8-33C4-4138-A12D-D75332218F84}.Release|Any CPU.Build.0 = Release|Any CPU
	EndGlobalSection
	GlobalSection(SolutionProperties) = preSolution
		HideSolutionNode = FALSE
	EndGlobalSection
	GlobalSection(ExtensibilityGlobals) = postSolution
		SolutionGuid = {22469DA6-2CF9-4ECD-8BEE-4CF23D63C8A8}
	EndGlobalSection
EndGlobal
