
Microsoft Visual Studio Solution File, Format Version 12.00
# Visual Studio Version 17
VisualStudioVersion = 17.5.33530.505
MinimumVisualStudioVersion = 10.0.40219.1
Project("{FAE04EC0-301F-11D3-BF4B-00C04F79EFBC}") = "01. Match Full Name", "01. Match Full Name\01. Match Full Name.csproj", "{7A11B2B3-696A-4F48-B7F6-0C478F1C32F1}"
EndProject
Project("{FAE04EC0-301F-11D3-BF4B-00C04F79EFBC}") = "02. Match Phone Number", "02. Match Phone Number\02. Match Phone Number.csproj", "{68E45BED-7832-4CAD-A9B8-B156DAAA2161}"
EndProject
Project("{FAE04EC0-301F-11D3-BF4B-00C04F79EFBC}") = "03. Match Dates", "03. Match Dates\03. Match Dates.csproj", "{39939ECF-1D12-4A3E-81B5-EB413E93AA04}"
EndProject
Global
	GlobalSection(SolutionConfigurationPlatforms) = preSolution
		Debug|Any CPU = Debug|Any CPU
		Release|Any CPU = Release|Any CPU
	EndGlobalSection
	GlobalSection(ProjectConfigurationPlatforms) = postSolution
		{7A11B2B3-696A-4F48-B7F6-0C478F1C32F1}.Debug|Any CPU.ActiveCfg = Debug|Any CPU
		{7A11B2B3-696A-4F48-B7F6-0C478F1C32F1}.Debug|Any CPU.Build.0 = Debug|Any CPU
		{7A11B2B3-696A-4F48-B7F6-0C478F1C32F1}.Release|Any CPU.ActiveCfg = Release|Any CPU
		{7A11B2B3-696A-4F48-B7F6-0C478F1C32F1}.Release|Any CPU.Build.0 = Release|Any CPU
		{68E45BED-7832-4CAD-A9B8-B156DAAA2161}.Debug|Any CPU.ActiveCfg = Debug|Any CPU
		{68E45BED-7832-4CAD-A9B8-B156DAAA2161}.Debug|Any CPU.Build.0 = Debug|Any CPU
		{68E45BED-7832-4CAD-A9B8-B156DAAA2161}.Release|Any CPU.ActiveCfg = Release|Any CPU
		{68E45BED-7832-4CAD-A9B8-B156DAAA2161}.Release|Any CPU.Build.0 = Release|Any CPU
		{39939ECF-1D12-4A3E-81B5-EB413E93AA04}.Debug|Any CPU.ActiveCfg = Debug|Any CPU
		{39939ECF-1D12-4A3E-81B5-EB413E93AA04}.Debug|Any CPU.Build.0 = Debug|Any CPU
		{39939ECF-1D12-4A3E-81B5-EB413E93AA04}.Release|Any CPU.ActiveCfg = Release|Any CPU
		{39939ECF-1D12-4A3E-81B5-EB413E93AA04}.Release|Any CPU.Build.0 = Release|Any CPU
	EndGlobalSection
	GlobalSection(SolutionProperties) = preSolution
		HideSolutionNode = FALSE
	EndGlobalSection
	GlobalSection(ExtensibilityGlobals) = postSolution
		SolutionGuid = {156B1CFB-A54D-416C-BBBF-F3A8E6E045CB}
	EndGlobalSection
EndGlobal
