
Microsoft Visual Studio Solution File, Format Version 12.00
# Visual Studio Version 17
VisualStudioVersion = 17.4.33205.214
MinimumVisualStudioVersion = 10.0.40219.1
Project("{FAE04EC0-301F-11D3-BF4B-00C04F79EFBC}") = "01. Cinema", "01. Cinema\01. Cinema.csproj", "{E103B80A-225E-421B-B480-85108B60FB96}"
EndProject
Project("{FAE04EC0-301F-11D3-BF4B-00C04F79EFBC}") = "02. Summer Outfit", "02. Summer Outfit\02. Summer Outfit.csproj", "{A1F3DCAB-0817-4C04-AD8A-A8DE71679EDC}"
EndProject
Project("{FAE04EC0-301F-11D3-BF4B-00C04F79EFBC}") = "03. New House", "03. New House\03. New House.csproj", "{33CB3A0A-72B2-4218-93C2-F2FF74A0ED41}"
EndProject
Project("{FAE04EC0-301F-11D3-BF4B-00C04F79EFBC}") = "04. Fishing Boat", "04. Fishing Boat\04. Fishing Boat.csproj", "{D74CFB30-3BCF-43AB-AEDF-405A311BFC09}"
EndProject
Project("{FAE04EC0-301F-11D3-BF4B-00C04F79EFBC}") = "05. Journey", "05. Journey\05. Journey.csproj", "{B18E0D04-BC3E-4699-8CAF-709FAB7BBF73}"
EndProject
Project("{FAE04EC0-301F-11D3-BF4B-00C04F79EFBC}") = "06. Operations Between Numbers", "06. Operations Between Numbers\06. Operations Between Numbers.csproj", "{43863B6A-3815-4846-A549-5338B876C71D}"
EndProject
Project("{FAE04EC0-301F-11D3-BF4B-00C04F79EFBC}") = "07. Hotel Room", "07. Hotel Room\07. Hotel Room.csproj", "{AF91BF0A-CCA2-4879-BAF7-18AA63C0D367}"
EndProject
Project("{FAE04EC0-301F-11D3-BF4B-00C04F79EFBC}") = "08. On Time for the Exam", "08. On Time for the Exam\08. On Time for the Exam.csproj", "{1D2F197E-205F-4FAE-8DA7-C86D14327AF1}"
EndProject
Project("{FAE04EC0-301F-11D3-BF4B-00C04F79EFBC}") = "09. Ski Trip", "09. Ski Trip\09. Ski Trip.csproj", "{1B1E4717-46EF-4FE8-BC49-C0C17C519F5A}"
EndProject
Global
	GlobalSection(SolutionConfigurationPlatforms) = preSolution
		Debug|Any CPU = Debug|Any CPU
		Release|Any CPU = Release|Any CPU
	EndGlobalSection
	GlobalSection(ProjectConfigurationPlatforms) = postSolution
		{E103B80A-225E-421B-B480-85108B60FB96}.Debug|Any CPU.ActiveCfg = Debug|Any CPU
		{E103B80A-225E-421B-B480-85108B60FB96}.Debug|Any CPU.Build.0 = Debug|Any CPU
		{E103B80A-225E-421B-B480-85108B60FB96}.Release|Any CPU.ActiveCfg = Release|Any CPU
		{E103B80A-225E-421B-B480-85108B60FB96}.Release|Any CPU.Build.0 = Release|Any CPU
		{A1F3DCAB-0817-4C04-AD8A-A8DE71679EDC}.Debug|Any CPU.ActiveCfg = Debug|Any CPU
		{A1F3DCAB-0817-4C04-AD8A-A8DE71679EDC}.Debug|Any CPU.Build.0 = Debug|Any CPU
		{A1F3DCAB-0817-4C04-AD8A-A8DE71679EDC}.Release|Any CPU.ActiveCfg = Release|Any CPU
		{A1F3DCAB-0817-4C04-AD8A-A8DE71679EDC}.Release|Any CPU.Build.0 = Release|Any CPU
		{33CB3A0A-72B2-4218-93C2-F2FF74A0ED41}.Debug|Any CPU.ActiveCfg = Debug|Any CPU
		{33CB3A0A-72B2-4218-93C2-F2FF74A0ED41}.Debug|Any CPU.Build.0 = Debug|Any CPU
		{33CB3A0A-72B2-4218-93C2-F2FF74A0ED41}.Release|Any CPU.ActiveCfg = Release|Any CPU
		{33CB3A0A-72B2-4218-93C2-F2FF74A0ED41}.Release|Any CPU.Build.0 = Release|Any CPU
		{D74CFB30-3BCF-43AB-AEDF-405A311BFC09}.Debug|Any CPU.ActiveCfg = Debug|Any CPU
		{D74CFB30-3BCF-43AB-AEDF-405A311BFC09}.Debug|Any CPU.Build.0 = Debug|Any CPU
		{D74CFB30-3BCF-43AB-AEDF-405A311BFC09}.Release|Any CPU.ActiveCfg = Release|Any CPU
		{D74CFB30-3BCF-43AB-AEDF-405A311BFC09}.Release|Any CPU.Build.0 = Release|Any CPU
		{B18E0D04-BC3E-4699-8CAF-709FAB7BBF73}.Debug|Any CPU.ActiveCfg = Debug|Any CPU
		{B18E0D04-BC3E-4699-8CAF-709FAB7BBF73}.Debug|Any CPU.Build.0 = Debug|Any CPU
		{B18E0D04-BC3E-4699-8CAF-709FAB7BBF73}.Release|Any CPU.ActiveCfg = Release|Any CPU
		{B18E0D04-BC3E-4699-8CAF-709FAB7BBF73}.Release|Any CPU.Build.0 = Release|Any CPU
		{43863B6A-3815-4846-A549-5338B876C71D}.Debug|Any CPU.ActiveCfg = Debug|Any CPU
		{43863B6A-3815-4846-A549-5338B876C71D}.Debug|Any CPU.Build.0 = Debug|Any CPU
		{43863B6A-3815-4846-A549-5338B876C71D}.Release|Any CPU.ActiveCfg = Release|Any CPU
		{43863B6A-3815-4846-A549-5338B876C71D}.Release|Any CPU.Build.0 = Release|Any CPU
		{AF91BF0A-CCA2-4879-BAF7-18AA63C0D367}.Debug|Any CPU.ActiveCfg = Debug|Any CPU
		{AF91BF0A-CCA2-4879-BAF7-18AA63C0D367}.Debug|Any CPU.Build.0 = Debug|Any CPU
		{AF91BF0A-CCA2-4879-BAF7-18AA63C0D367}.Release|Any CPU.ActiveCfg = Release|Any CPU
		{AF91BF0A-CCA2-4879-BAF7-18AA63C0D367}.Release|Any CPU.Build.0 = Release|Any CPU
		{1D2F197E-205F-4FAE-8DA7-C86D14327AF1}.Debug|Any CPU.ActiveCfg = Debug|Any CPU
		{1D2F197E-205F-4FAE-8DA7-C86D14327AF1}.Debug|Any CPU.Build.0 = Debug|Any CPU
		{1D2F197E-205F-4FAE-8DA7-C86D14327AF1}.Release|Any CPU.ActiveCfg = Release|Any CPU
		{1D2F197E-205F-4FAE-8DA7-C86D14327AF1}.Release|Any CPU.Build.0 = Release|Any CPU
		{1B1E4717-46EF-4FE8-BC49-C0C17C519F5A}.Debug|Any CPU.ActiveCfg = Debug|Any CPU
		{1B1E4717-46EF-4FE8-BC49-C0C17C519F5A}.Debug|Any CPU.Build.0 = Debug|Any CPU
		{1B1E4717-46EF-4FE8-BC49-C0C17C519F5A}.Release|Any CPU.ActiveCfg = Release|Any CPU
		{1B1E4717-46EF-4FE8-BC49-C0C17C519F5A}.Release|Any CPU.Build.0 = Release|Any CPU
	EndGlobalSection
	GlobalSection(SolutionProperties) = preSolution
		HideSolutionNode = FALSE
	EndGlobalSection
	GlobalSection(ExtensibilityGlobals) = postSolution
		SolutionGuid = {E92D8789-6FDC-4170-A96A-A3A17CC44BBD}
	EndGlobalSection
EndGlobal
