
Microsoft Visual Studio Solution File, Format Version 12.00
# Visual Studio Version 17
VisualStudioVersion = 17.5.33530.505
MinimumVisualStudioVersion = 10.0.40219.1
Project("{FAE04EC0-301F-11D3-BF4B-00C04F79EFBC}") = "01. Password Reset", "01. Password Reset\01. Password Reset.csproj", "{78B3BC99-3EAD-449C-BD5D-11EE527EE166}"
EndProject
Project("{FAE04EC0-301F-11D3-BF4B-00C04F79EFBC}") = "02. Fancy Barcodes", "02. Fancy Barcodes\02. Fancy Barcodes.csproj", "{6B8C3944-FC10-4D0E-BF04-25CD47ECFCC4}"
EndProject
Project("{FAE04EC0-301F-11D3-BF4B-00C04F79EFBC}") = "03. Heroes of Code and Logic VII", "03. Heroes of Code and Logic VII\03. Heroes of Code and Logic VII.csproj", "{053268C9-C882-4362-A2CA-2B1516639612}"
EndProject
Global
	GlobalSection(SolutionConfigurationPlatforms) = preSolution
		Debug|Any CPU = Debug|Any CPU
		Release|Any CPU = Release|Any CPU
	EndGlobalSection
	GlobalSection(ProjectConfigurationPlatforms) = postSolution
		{78B3BC99-3EAD-449C-BD5D-11EE527EE166}.Debug|Any CPU.ActiveCfg = Debug|Any CPU
		{78B3BC99-3EAD-449C-BD5D-11EE527EE166}.Debug|Any CPU.Build.0 = Debug|Any CPU
		{78B3BC99-3EAD-449C-BD5D-11EE527EE166}.Release|Any CPU.ActiveCfg = Release|Any CPU
		{78B3BC99-3EAD-449C-BD5D-11EE527EE166}.Release|Any CPU.Build.0 = Release|Any CPU
		{6B8C3944-FC10-4D0E-BF04-25CD47ECFCC4}.Debug|Any CPU.ActiveCfg = Debug|Any CPU
		{6B8C3944-FC10-4D0E-BF04-25CD47ECFCC4}.Debug|Any CPU.Build.0 = Debug|Any CPU
		{6B8C3944-FC10-4D0E-BF04-25CD47ECFCC4}.Release|Any CPU.ActiveCfg = Release|Any CPU
		{6B8C3944-FC10-4D0E-BF04-25CD47ECFCC4}.Release|Any CPU.Build.0 = Release|Any CPU
		{053268C9-C882-4362-A2CA-2B1516639612}.Debug|Any CPU.ActiveCfg = Debug|Any CPU
		{053268C9-C882-4362-A2CA-2B1516639612}.Debug|Any CPU.Build.0 = Debug|Any CPU
		{053268C9-C882-4362-A2CA-2B1516639612}.Release|Any CPU.ActiveCfg = Release|Any CPU
		{053268C9-C882-4362-A2CA-2B1516639612}.Release|Any CPU.Build.0 = Release|Any CPU
	EndGlobalSection
	GlobalSection(SolutionProperties) = preSolution
		HideSolutionNode = FALSE
	EndGlobalSection
	GlobalSection(ExtensibilityGlobals) = postSolution
		SolutionGuid = {0158CB22-6F08-4428-8F87-6F0D381DBAF7}
	EndGlobalSection
EndGlobal
