
Microsoft Visual Studio Solution File, Format Version 12.00
# Visual Studio Version 17
VisualStudioVersion = 17.7.34003.232
MinimumVisualStudioVersion = 10.0.40219.1
Project("{FAE04EC0-301F-11D3-BF4B-00C04F79EFBC}") = "01.Box", "01.Box\01.Box.csproj", "{FDEE89C7-7FE2-4531-BDF9-0D586B856520}"
EndProject
Project("{FAE04EC0-301F-11D3-BF4B-00C04F79EFBC}") = "02. Array Creator", "02. Array Creator\02. Array Creator.csproj", "{BB398FED-04C3-40C8-BABA-C8536B4A245A}"
EndProject
Project("{FAE04EC0-301F-11D3-BF4B-00C04F79EFBC}") = "03. Generic Scale", "03. Generic Scale\03. Generic Scale.csproj", "{A8848A1D-7C02-4878-A6D2-5BEED47824A8}"
EndProject
Global
	GlobalSection(SolutionConfigurationPlatforms) = preSolution
		Debug|Any CPU = Debug|Any CPU
		Release|Any CPU = Release|Any CPU
	EndGlobalSection
	GlobalSection(ProjectConfigurationPlatforms) = postSolution
		{FDEE89C7-7FE2-4531-BDF9-0D586B856520}.Debug|Any CPU.ActiveCfg = Debug|Any CPU
		{FDEE89C7-7FE2-4531-BDF9-0D586B856520}.Debug|Any CPU.Build.0 = Debug|Any CPU
		{FDEE89C7-7FE2-4531-BDF9-0D586B856520}.Release|Any CPU.ActiveCfg = Release|Any CPU
		{FDEE89C7-7FE2-4531-BDF9-0D586B856520}.Release|Any CPU.Build.0 = Release|Any CPU
		{BB398FED-04C3-40C8-BABA-C8536B4A245A}.Debug|Any CPU.ActiveCfg = Debug|Any CPU
		{BB398FED-04C3-40C8-BABA-C8536B4A245A}.Debug|Any CPU.Build.0 = Debug|Any CPU
		{BB398FED-04C3-40C8-BABA-C8536B4A245A}.Release|Any CPU.ActiveCfg = Release|Any CPU
		{BB398FED-04C3-40C8-BABA-C8536B4A245A}.Release|Any CPU.Build.0 = Release|Any CPU
		{A8848A1D-7C02-4878-A6D2-5BEED47824A8}.Debug|Any CPU.ActiveCfg = Debug|Any CPU
		{A8848A1D-7C02-4878-A6D2-5BEED47824A8}.Debug|Any CPU.Build.0 = Debug|Any CPU
		{A8848A1D-7C02-4878-A6D2-5BEED47824A8}.Release|Any CPU.ActiveCfg = Release|Any CPU
		{A8848A1D-7C02-4878-A6D2-5BEED47824A8}.Release|Any CPU.Build.0 = Release|Any CPU
	EndGlobalSection
	GlobalSection(SolutionProperties) = preSolution
		HideSolutionNode = FALSE
	EndGlobalSection
	GlobalSection(ExtensibilityGlobals) = postSolution
		SolutionGuid = {6FEB7F41-F3AB-43F5-A8E3-8CCBC8A09138}
	EndGlobalSection
EndGlobal
