
Microsoft Visual Studio Solution File, Format Version 12.00
# Visual Studio Version 17
VisualStudioVersion = 17.7.34003.232
MinimumVisualStudioVersion = 10.0.40219.1
Project("{9A19103F-16F7-4668-BE54-9A1E7A4F7556}") = "01. Diagonal Difference", "01. Diagonal Difference\01. Diagonal Difference.csproj", "{1EB33661-3C4F-4EFB-9BE0-03B7E22F8B44}"
EndProject
Project("{9A19103F-16F7-4668-BE54-9A1E7A4F7556}") = "02. Squares in Matrix", "02. Squares in Matrix\02. Squares in Matrix.csproj", "{2572804C-0693-4C7C-A275-C83AF6537037}"
EndProject
Project("{9A19103F-16F7-4668-BE54-9A1E7A4F7556}") = "03. Maximal Sum", "03. Maximal Sum\03. Maximal Sum.csproj", "{6C5A7CF8-0271-47A4-9474-A4AFF2285A64}"
EndProject
Project("{FAE04EC0-301F-11D3-BF4B-00C04F79EFBC}") = "04. Matrix Shuffling", "04. Matrix Shuffling\04. Matrix Shuffling.csproj", "{8143E373-B143-4C54-BCEA-C9271589F463}"
EndProject
Project("{FAE04EC0-301F-11D3-BF4B-00C04F79EFBC}") = "05. Snake Moves", "05. Snake Moves\05. Snake Moves.csproj", "{82E143F6-75B0-4F39-9FAB-5CE04E2BE173}"
EndProject
Project("{FAE04EC0-301F-11D3-BF4B-00C04F79EFBC}") = "06. Jagged Array Manipulator", "06. Jagged Array Manipulator\06. Jagged Array Manipulator.csproj", "{427FB688-61B8-44D9-A019-CC5DB9BB16C9}"
EndProject
Project("{FAE04EC0-301F-11D3-BF4B-00C04F79EFBC}") = "07. Knight Game", "07. Knight Game\07. Knight Game.csproj", "{C03B5C3F-6799-473E-9A17-413DC856C925}"
EndProject
Global
	GlobalSection(SolutionConfigurationPlatforms) = preSolution
		Debug|Any CPU = Debug|Any CPU
		Release|Any CPU = Release|Any CPU
	EndGlobalSection
	GlobalSection(ProjectConfigurationPlatforms) = postSolution
		{1EB33661-3C4F-4EFB-9BE0-03B7E22F8B44}.Debug|Any CPU.ActiveCfg = Debug|Any CPU
		{1EB33661-3C4F-4EFB-9BE0-03B7E22F8B44}.Debug|Any CPU.Build.0 = Debug|Any CPU
		{1EB33661-3C4F-4EFB-9BE0-03B7E22F8B44}.Release|Any CPU.ActiveCfg = Release|Any CPU
		{1EB33661-3C4F-4EFB-9BE0-03B7E22F8B44}.Release|Any CPU.Build.0 = Release|Any CPU
		{2572804C-0693-4C7C-A275-C83AF6537037}.Debug|Any CPU.ActiveCfg = Debug|Any CPU
		{2572804C-0693-4C7C-A275-C83AF6537037}.Debug|Any CPU.Build.0 = Debug|Any CPU
		{2572804C-0693-4C7C-A275-C83AF6537037}.Release|Any CPU.ActiveCfg = Release|Any CPU
		{2572804C-0693-4C7C-A275-C83AF6537037}.Release|Any CPU.Build.0 = Release|Any CPU
		{6C5A7CF8-0271-47A4-9474-A4AFF2285A64}.Debug|Any CPU.ActiveCfg = Debug|Any CPU
		{6C5A7CF8-0271-47A4-9474-A4AFF2285A64}.Debug|Any CPU.Build.0 = Debug|Any CPU
		{6C5A7CF8-0271-47A4-9474-A4AFF2285A64}.Release|Any CPU.ActiveCfg = Release|Any CPU
		{6C5A7CF8-0271-47A4-9474-A4AFF2285A64}.Release|Any CPU.Build.0 = Release|Any CPU
		{8143E373-B143-4C54-BCEA-C9271589F463}.Debug|Any CPU.ActiveCfg = Debug|Any CPU
		{8143E373-B143-4C54-BCEA-C9271589F463}.Debug|Any CPU.Build.0 = Debug|Any CPU
		{8143E373-B143-4C54-BCEA-C9271589F463}.Release|Any CPU.ActiveCfg = Release|Any CPU
		{8143E373-B143-4C54-BCEA-C9271589F463}.Release|Any CPU.Build.0 = Release|Any CPU
		{82E143F6-75B0-4F39-9FAB-5CE04E2BE173}.Debug|Any CPU.ActiveCfg = Debug|Any CPU
		{82E143F6-75B0-4F39-9FAB-5CE04E2BE173}.Debug|Any CPU.Build.0 = Debug|Any CPU
		{82E143F6-75B0-4F39-9FAB-5CE04E2BE173}.Release|Any CPU.ActiveCfg = Release|Any CPU
		{82E143F6-75B0-4F39-9FAB-5CE04E2BE173}.Release|Any CPU.Build.0 = Release|Any CPU
		{427FB688-61B8-44D9-A019-CC5DB9BB16C9}.Debug|Any CPU.ActiveCfg = Debug|Any CPU
		{427FB688-61B8-44D9-A019-CC5DB9BB16C9}.Debug|Any CPU.Build.0 = Debug|Any CPU
		{427FB688-61B8-44D9-A019-CC5DB9BB16C9}.Release|Any CPU.ActiveCfg = Release|Any CPU
		{427FB688-61B8-44D9-A019-CC5DB9BB16C9}.Release|Any CPU.Build.0 = Release|Any CPU
		{C03B5C3F-6799-473E-9A17-413DC856C925}.Debug|Any CPU.ActiveCfg = Debug|Any CPU
		{C03B5C3F-6799-473E-9A17-413DC856C925}.Debug|Any CPU.Build.0 = Debug|Any CPU
		{C03B5C3F-6799-473E-9A17-413DC856C925}.Release|Any CPU.ActiveCfg = Release|Any CPU
		{C03B5C3F-6799-473E-9A17-413DC856C925}.Release|Any CPU.Build.0 = Release|Any CPU
	EndGlobalSection
	GlobalSection(SolutionProperties) = preSolution
		HideSolutionNode = FALSE
	EndGlobalSection
	GlobalSection(ExtensibilityGlobals) = postSolution
		SolutionGuid = {2DE1462F-442C-4BE3-A6EA-F2E806E68062}
	EndGlobalSection
EndGlobal
