
Microsoft Visual Studio Solution File, Format Version 12.00
# Visual Studio Version 17
VisualStudioVersion = 17.5.33530.505
MinimumVisualStudioVersion = 10.0.40219.1
Project("{FAE04EC0-301F-11D3-BF4B-00C04F79EFBC}") = "01. Old Books", "01. Old Books\01. Old Books.csproj", "{7B6CDBD5-076C-475C-81B5-575AEABF665F}"
EndProject
Project("{FAE04EC0-301F-11D3-BF4B-00C04F79EFBC}") = "02. Exam Preparation", "02. Exam Preparation\02. Exam Preparation.csproj", "{DD45FD89-EA73-4DA3-965C-D0832A190A69}"
EndProject
Project("{FAE04EC0-301F-11D3-BF4B-00C04F79EFBC}") = "03. Vacation", "03. Vacation\03. Vacation.csproj", "{6957CCAE-056F-4662-9F87-F98410EBA4B6}"
EndProject
Project("{FAE04EC0-301F-11D3-BF4B-00C04F79EFBC}") = "04. Walking", "04. Walking\04. Walking.csproj", "{1C873627-84DA-48C8-A07D-2700213EEAB5}"
EndProject
Project("{FAE04EC0-301F-11D3-BF4B-00C04F79EFBC}") = "05. Coins", "05. Coins\05. Coins.csproj", "{88C93331-D540-4B31-9284-456F2C7915C9}"
EndProject
Project("{FAE04EC0-301F-11D3-BF4B-00C04F79EFBC}") = "06. Cake", "06. Cake\06. Cake.csproj", "{68A528DE-E1D4-4643-A1FC-9EB9528DBCC8}"
EndProject
Project("{FAE04EC0-301F-11D3-BF4B-00C04F79EFBC}") = "07. Moving", "07. Moving\07. Moving.csproj", "{C434F5C9-7FBC-46A2-9A22-B5B1DEFE7CC8}"
EndProject
Global
	GlobalSection(SolutionConfigurationPlatforms) = preSolution
		Debug|Any CPU = Debug|Any CPU
		Release|Any CPU = Release|Any CPU
	EndGlobalSection
	GlobalSection(ProjectConfigurationPlatforms) = postSolution
		{7B6CDBD5-076C-475C-81B5-575AEABF665F}.Debug|Any CPU.ActiveCfg = Debug|Any CPU
		{7B6CDBD5-076C-475C-81B5-575AEABF665F}.Debug|Any CPU.Build.0 = Debug|Any CPU
		{7B6CDBD5-076C-475C-81B5-575AEABF665F}.Release|Any CPU.ActiveCfg = Release|Any CPU
		{7B6CDBD5-076C-475C-81B5-575AEABF665F}.Release|Any CPU.Build.0 = Release|Any CPU
		{DD45FD89-EA73-4DA3-965C-D0832A190A69}.Debug|Any CPU.ActiveCfg = Debug|Any CPU
		{DD45FD89-EA73-4DA3-965C-D0832A190A69}.Debug|Any CPU.Build.0 = Debug|Any CPU
		{DD45FD89-EA73-4DA3-965C-D0832A190A69}.Release|Any CPU.ActiveCfg = Release|Any CPU
		{DD45FD89-EA73-4DA3-965C-D0832A190A69}.Release|Any CPU.Build.0 = Release|Any CPU
		{6957CCAE-056F-4662-9F87-F98410EBA4B6}.Debug|Any CPU.ActiveCfg = Debug|Any CPU
		{6957CCAE-056F-4662-9F87-F98410EBA4B6}.Debug|Any CPU.Build.0 = Debug|Any CPU
		{6957CCAE-056F-4662-9F87-F98410EBA4B6}.Release|Any CPU.ActiveCfg = Release|Any CPU
		{6957CCAE-056F-4662-9F87-F98410EBA4B6}.Release|Any CPU.Build.0 = Release|Any CPU
		{1C873627-84DA-48C8-A07D-2700213EEAB5}.Debug|Any CPU.ActiveCfg = Debug|Any CPU
		{1C873627-84DA-48C8-A07D-2700213EEAB5}.Debug|Any CPU.Build.0 = Debug|Any CPU
		{1C873627-84DA-48C8-A07D-2700213EEAB5}.Release|Any CPU.ActiveCfg = Release|Any CPU
		{1C873627-84DA-48C8-A07D-2700213EEAB5}.Release|Any CPU.Build.0 = Release|Any CPU
		{88C93331-D540-4B31-9284-456F2C7915C9}.Debug|Any CPU.ActiveCfg = Debug|Any CPU
		{88C93331-D540-4B31-9284-456F2C7915C9}.Debug|Any CPU.Build.0 = Debug|Any CPU
		{88C93331-D540-4B31-9284-456F2C7915C9}.Release|Any CPU.ActiveCfg = Release|Any CPU
		{88C93331-D540-4B31-9284-456F2C7915C9}.Release|Any CPU.Build.0 = Release|Any CPU
		{68A528DE-E1D4-4643-A1FC-9EB9528DBCC8}.Debug|Any CPU.ActiveCfg = Debug|Any CPU
		{68A528DE-E1D4-4643-A1FC-9EB9528DBCC8}.Debug|Any CPU.Build.0 = Debug|Any CPU
		{68A528DE-E1D4-4643-A1FC-9EB9528DBCC8}.Release|Any CPU.ActiveCfg = Release|Any CPU
		{68A528DE-E1D4-4643-A1FC-9EB9528DBCC8}.Release|Any CPU.Build.0 = Release|Any CPU
		{C434F5C9-7FBC-46A2-9A22-B5B1DEFE7CC8}.Debug|Any CPU.ActiveCfg = Debug|Any CPU
		{C434F5C9-7FBC-46A2-9A22-B5B1DEFE7CC8}.Debug|Any CPU.Build.0 = Debug|Any CPU
		{C434F5C9-7FBC-46A2-9A22-B5B1DEFE7CC8}.Release|Any CPU.ActiveCfg = Release|Any CPU
		{C434F5C9-7FBC-46A2-9A22-B5B1DEFE7CC8}.Release|Any CPU.Build.0 = Release|Any CPU
	EndGlobalSection
	GlobalSection(SolutionProperties) = preSolution
		HideSolutionNode = FALSE
	EndGlobalSection
	GlobalSection(ExtensibilityGlobals) = postSolution
		SolutionGuid = {7C11309E-D98A-46E4-9733-2402B8819012}
	EndGlobalSection
EndGlobal
