
Microsoft Visual Studio Solution File, Format Version 12.00
# Visual Studio Version 17
VisualStudioVersion = 17.5.33530.505
MinimumVisualStudioVersion = 10.0.40219.1
Project("{9A19103F-16F7-4668-BE54-9A1E7A4F7556}") = "02. Gauss' Trick", "02. Gauss' Trick\02. Gauss' Trick.csproj", "{2934B25B-418C-4913-9219-5369C2B99C7B}"
EndProject
Project("{9A19103F-16F7-4668-BE54-9A1E7A4F7556}") = "03. Merging Lists", "03. Merging Lists\03. Merging Lists.csproj", "{29AA3B83-D8BD-4CAD-8FBB-CCD70A9E7748}"
EndProject
Project("{9A19103F-16F7-4668-BE54-9A1E7A4F7556}") = "04. List of Products", "04. List of Products\04. List of Products.csproj", "{9B42C51D-79E1-4C16-BC1F-63E622F64C0F}"
EndProject
Project("{9A19103F-16F7-4668-BE54-9A1E7A4F7556}") = "05. Remove Negatives and Reverse", "05. Remove Negatives and Reverse\05. Remove Negatives and Reverse.csproj", "{0EF344D7-E5FF-4D12-AF29-40CAEB69DE8A}"
EndProject
Project("{9A19103F-16F7-4668-BE54-9A1E7A4F7556}") = "06. List Manipulation Basics", "06. List Manipulation Basics\06. List Manipulation Basics.csproj", "{A59AD0E6-19D8-4363-B67E-1DB3D72D2CE3}"
EndProject
Project("{FAE04EC0-301F-11D3-BF4B-00C04F79EFBC}") = "01. Sum Adjacent Equal Numbers", "01. Sum Adjacent Equal Numbers\01. Sum Adjacent Equal Numbers.csproj", "{7B0A7DD3-052E-43E1-8270-DD957855BFD2}"
EndProject
Project("{FAE04EC0-301F-11D3-BF4B-00C04F79EFBC}") = "07. List Manipulation Advanced", "07. List Manipulation Advanced\07. List Manipulation Advanced.csproj", "{1B595FBB-46F6-4FA8-B32D-573C5A015F45}"
EndProject
Global
	GlobalSection(SolutionConfigurationPlatforms) = preSolution
		Debug|Any CPU = Debug|Any CPU
		Release|Any CPU = Release|Any CPU
	EndGlobalSection
	GlobalSection(ProjectConfigurationPlatforms) = postSolution
		{2934B25B-418C-4913-9219-5369C2B99C7B}.Debug|Any CPU.ActiveCfg = Debug|Any CPU
		{2934B25B-418C-4913-9219-5369C2B99C7B}.Debug|Any CPU.Build.0 = Debug|Any CPU
		{2934B25B-418C-4913-9219-5369C2B99C7B}.Release|Any CPU.ActiveCfg = Release|Any CPU
		{2934B25B-418C-4913-9219-5369C2B99C7B}.Release|Any CPU.Build.0 = Release|Any CPU
		{29AA3B83-D8BD-4CAD-8FBB-CCD70A9E7748}.Debug|Any CPU.ActiveCfg = Debug|Any CPU
		{29AA3B83-D8BD-4CAD-8FBB-CCD70A9E7748}.Debug|Any CPU.Build.0 = Debug|Any CPU
		{29AA3B83-D8BD-4CAD-8FBB-CCD70A9E7748}.Release|Any CPU.ActiveCfg = Release|Any CPU
		{29AA3B83-D8BD-4CAD-8FBB-CCD70A9E7748}.Release|Any CPU.Build.0 = Release|Any CPU
		{9B42C51D-79E1-4C16-BC1F-63E622F64C0F}.Debug|Any CPU.ActiveCfg = Debug|Any CPU
		{9B42C51D-79E1-4C16-BC1F-63E622F64C0F}.Debug|Any CPU.Build.0 = Debug|Any CPU
		{9B42C51D-79E1-4C16-BC1F-63E622F64C0F}.Release|Any CPU.ActiveCfg = Release|Any CPU
		{9B42C51D-79E1-4C16-BC1F-63E622F64C0F}.Release|Any CPU.Build.0 = Release|Any CPU
		{0EF344D7-E5FF-4D12-AF29-40CAEB69DE8A}.Debug|Any CPU.ActiveCfg = Debug|Any CPU
		{0EF344D7-E5FF-4D12-AF29-40CAEB69DE8A}.Debug|Any CPU.Build.0 = Debug|Any CPU
		{0EF344D7-E5FF-4D12-AF29-40CAEB69DE8A}.Release|Any CPU.ActiveCfg = Release|Any CPU
		{0EF344D7-E5FF-4D12-AF29-40CAEB69DE8A}.Release|Any CPU.Build.0 = Release|Any CPU
		{A59AD0E6-19D8-4363-B67E-1DB3D72D2CE3}.Debug|Any CPU.ActiveCfg = Debug|Any CPU
		{A59AD0E6-19D8-4363-B67E-1DB3D72D2CE3}.Debug|Any CPU.Build.0 = Debug|Any CPU
		{A59AD0E6-19D8-4363-B67E-1DB3D72D2CE3}.Release|Any CPU.ActiveCfg = Release|Any CPU
		{A59AD0E6-19D8-4363-B67E-1DB3D72D2CE3}.Release|Any CPU.Build.0 = Release|Any CPU
		{7B0A7DD3-052E-43E1-8270-DD957855BFD2}.Debug|Any CPU.ActiveCfg = Debug|Any CPU
		{7B0A7DD3-052E-43E1-8270-DD957855BFD2}.Debug|Any CPU.Build.0 = Debug|Any CPU
		{7B0A7DD3-052E-43E1-8270-DD957855BFD2}.Release|Any CPU.ActiveCfg = Release|Any CPU
		{7B0A7DD3-052E-43E1-8270-DD957855BFD2}.Release|Any CPU.Build.0 = Release|Any CPU
		{1B595FBB-46F6-4FA8-B32D-573C5A015F45}.Debug|Any CPU.ActiveCfg = Debug|Any CPU
		{1B595FBB-46F6-4FA8-B32D-573C5A015F45}.Debug|Any CPU.Build.0 = Debug|Any CPU
		{1B595FBB-46F6-4FA8-B32D-573C5A015F45}.Release|Any CPU.ActiveCfg = Release|Any CPU
		{1B595FBB-46F6-4FA8-B32D-573C5A015F45}.Release|Any CPU.Build.0 = Release|Any CPU
	EndGlobalSection
	GlobalSection(SolutionProperties) = preSolution
		HideSolutionNode = FALSE
	EndGlobalSection
	GlobalSection(ExtensibilityGlobals) = postSolution
		SolutionGuid = {CAAD0DA3-9610-44A5-8151-A6EFAC40B9EF}
	EndGlobalSection
EndGlobal
